
Microsoft Visual Studio Solution File, Format Version 12.00
# Visual Studio Version 17
VisualStudioVersion = 17.1.32228.430
MinimumVisualStudioVersion = 10.0.40219.1
Project("{FAE04EC0-301F-11D3-BF4B-00C04F79EFBC}") = "Lesson3_HomeWork_3", "Lesson3_HomeWork_3\Lesson3_HomeWork_3.csproj", "{DCC3690A-A977-46B1-AD55-945D715D3B5F}"
EndProject
Global
	GlobalSection(SolutionConfigurationPlatforms) = preSolution
		Debug|Any CPU = Debug|Any CPU
		Release|Any CPU = Release|Any CPU
	EndGlobalSection
	GlobalSection(ProjectConfigurationPlatforms) = postSolution
		{DCC3690A-A977-46B1-AD55-945D715D3B5F}.Debug|Any CPU.ActiveCfg = Debug|Any CPU
		{DCC3690A-A977-46B1-AD55-945D715D3B5F}.Debug|Any CPU.Build.0 = Debug|Any CPU
		{DCC3690A-A977-46B1-AD55-945D715D3B5F}.Release|Any CPU.ActiveCfg = Release|Any CPU
		{DCC3690A-A977-46B1-AD55-945D715D3B5F}.Release|Any CPU.Build.0 = Release|Any CPU
	EndGlobalSection
	GlobalSection(SolutionProperties) = preSolution
		HideSolutionNode = FALSE
	EndGlobalSection
	GlobalSection(ExtensibilityGlobals) = postSolution
		SolutionGuid = {B99B18C8-28C1-46B0-B833-5ADBEAA87F62}
	EndGlobalSection
EndGlobal
